hash: a2ad7454102ed1d16a306b1448480fa4b8173e928dbac8456f0cb792054ca880
updated: 2017-02-04T14:08:57.915869136-05:00
imports:
- name: github.com/alecthomas/kingpin
  version: 7b7c3e10c746bb718299261d2093286e5e38e04c
- name: github.com/alecthomas/template
  version: a0175ee3bccc567396460bf5acd36800cb10c49c
  subpackages:
  - parse
- name: github.com/alecthomas/units
  version: 2efee857e7cfd4f3d0138cc3cbb1b4966962b93a
- name: github.com/go-yaml/yaml
  version: 4c78c975fe7c825c6d1466c42be594d1d6f3aba6
- name: github.com/jackc/pgx
  version: 0c7277fe15359549b236292644f4ad7eff753544
- name: github.com/lib/pq
  version: 50761b0867bd1d9d069276790bcd4a3bccf2324a
  subpackages:
  - oid
- name: github.com/mattn/go-sqlite3
  version: 3fb7a0e792edd47bf0cf1e919dfc14e2be412e15
- name: github.com/pkg/errors
  version: 17b591df37844cde689f4d5813e5cea0927d8dd2
- name: github.com/satori/go.uuid
  version: 0aa62d5ddceb50dbcb909d790b5345affd3669b6
- name: github.com/serenize/snaker
  version: 8824b61eca66d308fcb2d515287d3d7a28dba8d6
- name: github.com/zieckey/goini
  version: a5ac009e4c949ec8e0d4048fc8f80bbd137fd40d
- name: golang.org/x/tools
  version: 86ad1193da6aba71355e71191641b9cfb26daa67
  subpackages:
  - go/ast/astutil
  - imports
testImports:
- name: github.com/onsi/ginkgo
  version: ac3d45ddd7ef5c4d7fc4d037b615a81f4d67981e
  subpackages:
  - config
  - extensions/table
  - internal/codelocation
  - internal/containernode
  - internal/failer
  - internal/leafnodes
  - internal/remote
  - internal/spec
  - internal/specrunner
  - internal/suite
  - internal/testingtproxy
  - internal/writer
  - reporters
  - reporters/stenographer
  - types
- name: github.com/onsi/gomega
  version: c72df929b80ef4930aaa75d5e486887ff2f3e06a
  subpackages:
  - format
  - internal/assertion
  - internal/asyncassertion
  - internal/oraclematcher
  - internal/testingtsupport
  - matchers
  - matchers/support/goraph/bipartitegraph
  - matchers/support/goraph/edge
  - matchers/support/goraph/node
  - matchers/support/goraph/util
  - types
