# This file is autogenerated, do not edit; changes may be undone by the next 'dep ensure'.


[[projects]]
  name = "github.com/alecthomas/kingpin"
  packages = ["."]
  revision = "4632cad00ac4bf4c455622ebfae46580c3890b8f"

[[projects]]
  name = "github.com/alecthomas/template"
  packages = [
    ".",
    "parse"
  ]
  revision = "14fd436dd20c3cc65242a9f396b61bfc8a3926fc"

[[projects]]
  branch = "master"
  name = "github.com/alecthomas/units"
  packages = ["."]
  revision = "2efee857e7cfd4f3d0138cc3cbb1b4966962b93a"

[[projects]]
  name = "github.com/go-yaml/yaml"
  packages = ["."]
  revision = "cd8b52f8269e0feb286dfeef29f8fe4d5b397e0b"

[[projects]]
  name = "github.com/jackc/pgx"
  packages = ["."]
  revision = "cd0c4c491610896633e16f8f3d91d6a8d1375b25"

[[projects]]
  name = "github.com/lib/pq"
  packages = [
    ".",
    "oid"
  ]
  revision = "8837942c3e09574accbc5f150e2c5e057189cace"

[[projects]]
  name = "github.com/mattn/go-sqlite3"
  packages = ["."]
  revision = "83772a7051f5e30d8e59746a9e43dfa706b72f3b"

[[projects]]
  name = "github.com/onsi/ginkgo"
  packages = [
    ".",
    "config",
    "extensions/table",
    "internal/codelocation",
    "internal/containernode",
    "internal/failer",
    "internal/leafnodes",
    "internal/remote",
    "internal/spec",
    "internal/specrunner",
    "internal/suite",
    "internal/testingtproxy",
    "internal/writer",
    "reporters",
    "reporters/stenographer",
    "types"
  ]
  revision = "ac3d45ddd7ef5c4d7fc4d037b615a81f4d67981e"

[[projects]]
  name = "github.com/onsi/gomega"
  packages = [
    ".",
    "format",
    "internal/assertion",
    "internal/asyncassertion",
    "internal/oraclematcher",
    "internal/testingtsupport",
    "matchers",
    "matchers/support/goraph/bipartitegraph",
    "matchers/support/goraph/edge",
    "matchers/support/goraph/node",
    "matchers/support/goraph/util",
    "types"
  ]
  revision = "c72df929b80ef4930aaa75d5e486887ff2f3e06a"

[[projects]]
  name = "github.com/pkg/errors"
  packages = ["."]
  revision = "645ef00459ed84a119197bfb8d8205042c6df63d"
  version = "v0.8.0"

[[projects]]
  name = "github.com/satori/go.uuid"
  packages = ["."]
  revision = "5bf94b69c6b68ee1b541973bb8e1144db23a194b"

[[projects]]
  name = "github.com/serenize/snaker"
  packages = ["."]
  revision = "1c7f65329f6524115af8ca01ab604c00cddf5558"

[[projects]]
  name = "github.com/zieckey/goini"
  packages = ["."]
  revision = "ef198e44330230cf3989b754eff33c97888f5a26"
  version = "v1.2"

[[projects]]
  name = "golang.org/x/net"
  packages = ["context"]
  revision = "8968c61983e8f51a91b8c0ef25bf739278c89634"

[[projects]]
  name = "golang.org/x/tools"
  packages = [
    "go/ast/astutil",
    "imports"
  ]
  revision = "23ca8a2633c38bca2a2fd4d0c0f8523a2f266d65"

[solve-meta]
  analyzer-name = "dep"
  analyzer-version = 1
  inputs-digest = "72c9ff9ebc699959cff952354c641a1a19fc5eb2f3685fb74bc6256619781ea7"
  solver-name = "gps-cdcl"
  solver-version = 1
